github.com/bit101/blgo v1.0.0 h1:ETNJVms8okNMjP2ISQklQ1TAQx7k6zKMOjsYkUYgTzo=
github.com/bit101/blgo v1.0.0/go.mod h1:6bni9e92WBeDuIPA7yvAh6vNLAEXXZWNs1U6s++eK3A=
github.com/bit101/go-cairo v1.0.0 h1:So7dRXutHrRNV/lhNafTTAKwYP0MXAQdcF0d4/8HDBE=
github.com/bit101/go-cairo v1.0.0/go.mod h1:DcWQM9/iziHK80FGTZbA/1eTvXL9STRistJwCRcSsEo=
